// !$*UTF8*$!
{
	archiveVersion = 1;
	classes = {
	};
	objectVersion = 50;
	objects = {

/* Begin PBXBuildFile section */
		5D9BAC1025EC2FD0002B48A9 /* AppDelegate.swift in Sources */ = {isa = PBXBuildFile; fileRef = 5D9BAC0F25EC2FD0002B48A9 /* AppDelegate.swift */; };
		5D9BAC1225EC2FD0002B48A9 /* SceneDelegate.swift in Sources */ = {isa = PBXBuildFile; fileRef = 5D9BAC1125EC2FD0002B48A9 /* SceneDelegate.swift */; };
		5D9BAC1425EC2FD0002B48A9 /* ViewController.swift in Sources */ = {isa = PBXBuildFile; fileRef = 5D9BAC1325EC2FD0002B48A9 /* ViewController.swift */; };
		5D9BAC1725EC2FD0002B48A9 /* Main.storyboard in Resources */ = {isa = PBXBuildFile; fileRef = 5D9BAC1525EC2FD0002B48A9 /* Main.storyboard */; };
		5D9BAC1925EC2FD5002B48A9 /* Assets.xcassets in Resources */ = {isa = PBXBuildFile; fileRef = 5D9BAC1825EC2FD5002B48A9 /* Assets.xcassets */; };
		5D9BAC1C25EC2FD5002B48A9 /* LaunchScreen.storyboard in Resources */ = {isa = PBXBuildFile; fileRef = 5D9BAC1A25EC2FD5002B48A9 /* LaunchScreen.storyboard */; };
		5D9BAC2D25EC320A002B48A9 /* TableViewController.swift in Sources */ = {isa = PBXBuildFile; fileRef = 5D9BAC2C25EC320A002B48A9 /* TableViewController.swift */; };
		5D9BAC3025EC3229002B48A9 /* TableViewCell.swift in Sources */ = {isa = PBXBuildFile; fileRef = 5D9BAC2F25EC3229002B48A9 /* TableViewCell.swift */; };
		5D9BAC3825EC43FC002B48A9 /* Weather.swift in Sources */ = {isa = PBXBuildFile; fileRef = 5D9BAC3725EC43FC002B48A9 /* Weather.swift */; };
		8C3BCA59C821179D636447BA /* Pods_TestWorkApp.framework in Frameworks */ = {isa = PBXBuildFile; fileRef = 0C7418E13A690EECE78E6E7F /* Pods_TestWorkApp.framework */; };
/* End PBXBuildFile section */

/* Begin PBXFileReference section */
		0C7418E13A690EECE78E6E7F /* Pods_TestWorkApp.framework */ = {isa = PBXFileReference; explicitFileType = wrapper.framework; includeInIndex = 0; path = Pods_TestWorkApp.framework; sourceTree = BUILT_PRODUCTS_DIR; };
		5D9BAC0C25EC2FD0002B48A9 /* TestWorkApp.app */ = {isa = PBXFileReference; explicitFileType = wrapper.application; includeInIndex = 0; path = TestWorkApp.app; sourceTree = BUILT_PRODUCTS_DIR; };
		5D9BAC0F25EC2FD0002B48A9 /* AppDelegate.swift */ = {isa = PBXFileReference; lastKnownFileType = sourcecode.swift; path = AppDelegate.swift; sourceTree = "<group>"; };
		5D9BAC1125EC2FD0002B48A9 /* SceneDelegate.swift */ = {isa = PBXFileReference; lastKnownFileType = sourcecode.swift; path = SceneDelegate.swift; sourceTree = "<group>"; };
		5D9BAC1325EC2FD0002B48A9 /* ViewController.swift */ = {isa = PBXFileReference; lastKnownFileType = sourcecode.swift; path = ViewController.swift; sourceTree = "<group>"; };
		5D9BAC1625EC2FD0002B48A9 /* Base */ = {isa = PBXFileReference; lastKnownFileType = file.storyboard; name = Base; path = Base.lproj/Main.storyboard; sourceTree = "<group>"; };
		5D9BAC1825EC2FD5002B48A9 /* Assets.xcassets */ = {isa = PBXFileReference; lastKnownFileType = folder.assetcatalog; path = Assets.xcassets; sourceTree = "<group>"; };
		5D9BAC1B25EC2FD5002B48A9 /* Base */ = {isa = PBXFileReference; lastKnownFileType = file.storyboard; name = Base; path = Base.lproj/LaunchScreen.storyboard; sourceTree = "<group>"; };
		5D9BAC1D25EC2FD5002B48A9 /* Info.plist */ = {isa = PBXFileReference; lastKnownFileType = text.plist.xml; path = Info.plist; sourceTree = "<group>"; };
		5D9BAC2C25EC320A002B48A9 /* TableViewController.swift */ = {isa = PBXFileReference; lastKnownFileType = sourcecode.swift; path = TableViewController.swift; sourceTree = "<group>"; };
		5D9BAC2F25EC3229002B48A9 /* TableViewCell.swift */ = {isa = PBXFileReference; lastKnownFileType = sourcecode.swift; path = TableViewCell.swift; sourceTree = "<group>"; };
		5D9BAC3725EC43FC002B48A9 /* Weather.swift */ = {isa = PBXFileReference; lastKnownFileType = sourcecode.swift; path = Weather.swift; sourceTree = "<group>"; };
		921AF8B02871AF7C7E5C2371 /* Pods-TestWorkApp.debug.xcconfig */ = {isa = PBXFileReference; includeInIndex = 1; lastKnownFileType = text.xcconfig; name = "Pods-TestWorkApp.debug.xcconfig"; path = "Target Support Files/Pods-TestWorkApp/Pods-TestWorkApp.debug.xcconfig"; sourceTree = "<group>"; };
		EF722FA73E9DA31AEF35797D /* Pods-TestWorkApp.release.xcconfig */ = {isa = PBXFileReference; includeInIndex = 1; lastKnownFileType = text.xcconfig; name = "Pods-TestWorkApp.release.xcconfig"; path = "Target Support Files/Pods-TestWorkApp/Pods-TestWorkApp.release.xcconfig"; sourceTree = "<group>"; };
/* End PBXFileReference section */

/* Begin PBXFrameworksBuildPhase section */
		5D9BAC0925EC2FD0002B48A9 /* Frameworks */ = {
			isa = PBXFrameworksBuildPhase;
			buildActionMask = 2147483647;
			files = (
				8C3BCA59C821179D636447BA /* Pods_TestWorkApp.framework in Frameworks */,
			);
			runOnlyForDeploymentPostprocessing = 0;
		};
/* End PBXFrameworksBuildPhase section */

/* Begin PBXGroup section */
		5D9BAC0325EC2FD0002B48A9 = {
			isa = PBXGroup;
			children = (
				5D9BAC0E25EC2FD0002B48A9 /* TestWorkApp */,
				5D9BAC0D25EC2FD0002B48A9 /* Products */,
				9F1265E169D9F76938F44247 /* Pods */,
				AD4713EC67C1EF0BCD820F60 /* Frameworks */,
			);
			sourceTree = "<group>";
		};
		5D9BAC0D25EC2FD0002B48A9 /* Products */ = {
			isa = PBXGroup;
			children = (
				5D9BAC0C25EC2FD0002B48A9 /* TestWorkApp.app */,
			);
			name = Products;
			sourceTree = "<group>";
		};
		5D9BAC0E25EC2FD0002B48A9 /* TestWorkApp */ = {
			isa = PBXGroup;
			children = (
				5D9BAC2925EC305C002B48A9 /* Supports */,
				5D9BAC2525EC3017002B48A9 /* Models */,
				5D9BAC2725EC3030002B48A9 /* Controllers */,
				5D9BAC2425EC3003002B48A9 /* Storyboards */,
				5D9BAC1825EC2FD5002B48A9 /* Assets.xcassets */,
				5D9BAC1D25EC2FD5002B48A9 /* Info.plist */,
			);
			path = TestWorkApp;
			sourceTree = "<group>";
		};
		5D9BAC2425EC3003002B48A9 /* Storyboards */ = {
			isa = PBXGroup;
			children = (
				5D9BAC1525EC2FD0002B48A9 /* Main.storyboard */,
				5D9BAC1A25EC2FD5002B48A9 /* LaunchScreen.storyboard */,
			);
			path = Storyboards;
			sourceTree = "<group>";
		};
		5D9BAC2525EC3017002B48A9 /* Models */ = {
			isa = PBXGroup;
			children = (
				5D9BAC3725EC43FC002B48A9 /* Weather.swift */,
			);
			path = Models;
			sourceTree = "<group>";
		};
		5D9BAC2725EC3030002B48A9 /* Controllers */ = {
			isa = PBXGroup;
			children = (
				5D9BAC1325EC2FD0002B48A9 /* ViewController.swift */,
				5D9BAC2C25EC320A002B48A9 /* TableViewController.swift */,
				5D9BAC2F25EC3229002B48A9 /* TableViewCell.swift */,
			);
			path = Controllers;
			sourceTree = "<group>";
		};
		5D9BAC2925EC305C002B48A9 /* Supports */ = {
			isa = PBXGroup;
			children = (
				5D9BAC0F25EC2FD0002B48A9 /* AppDelegate.swift */,
				5D9BAC1125EC2FD0002B48A9 /* SceneDelegate.swift */,
			);
			path = Supports;
			sourceTree = "<group>";
		};
		9F1265E169D9F76938F44247 /* Pods */ = {
			isa = PBXGroup;
			children = (
				921AF8B02871AF7C7E5C2371 /* Pods-TestWorkApp.debug.xcconfig */,
				EF722FA73E9DA31AEF35797D /* Pods-TestWorkApp.release.xcconfig */,
			);
			name = Pods;
			path = Pods;
			sourceTree = "<group>";
		};
		AD4713EC67C1EF0BCD820F60 /* Frameworks */ = {
			isa = PBXGroup;
			children = (
				0C7418E13A690EECE78E6E7F /* Pods_TestWorkApp.framework */,
			);
			name = Frameworks;
			sourceTree = "<group>";
		};
/* End PBXGroup section */

/* Begin PBXNativeTarget section */
		5D9BAC0B25EC2FD0002B48A9 /* TestWorkApp */ = {
			isa = PBXNativeTarget;
			buildConfigurationList = 5D9BAC2025EC2FD5002B48A9 /* Build configuration list for PBXNativeTarget "TestWorkApp" */;
			buildPhases = (
				A1854DBC41A4682089872967 /* [CP] Check Pods Manifest.lock */,
				5D9BAC0825EC2FD0002B48A9 /* Sources */,
				5D9BAC0925EC2FD0002B48A9 /* Frameworks */,
				5D9BAC0A25EC2FD0002B48A9 /* Resources */,
				9CCAC88C652E929484ADF632 /* [CP] Embed Pods Frameworks */,
			);
			buildRules = (
			);
			dependencies = (
			);
			name = TestWorkApp;
			productName = TestWorkApp;
			productReference = 5D9BAC0C25EC2FD0002B48A9 /* TestWorkApp.app */;
			productType = "com.apple.product-type.application";
		};
/* End PBXNativeTarget section */

/* Begin PBXProject section */
		5D9BAC0425EC2FD0002B48A9 /* Project object */ = {
			isa = PBXProject;
			attributes = {
				LastSwiftUpdateCheck = 1240;
				LastUpgradeCheck = 1240;
				TargetAttributes = {
					5D9BAC0B25EC2FD0002B48A9 = {
						CreatedOnToolsVersion = 12.4;
					};
				};
			};
			buildConfigurationList = 5D9BAC0725EC2FD0002B48A9 /* Build configuration list for PBXProject "TestWorkApp" */;
			compatibilityVersion = "Xcode 9.3";
			developmentRegion = en;
			hasScannedForEncodings = 0;
			knownRegions = (
				en,
				Base,
			);
			mainGroup = 5D9BAC0325EC2FD0002B48A9;
			productRefGroup = 5D9BAC0D25EC2FD0002B48A9 /* Products */;
			projectDirPath = "";
			projectRoot = "";
			targets = (
				5D9BAC0B25EC2FD0002B48A9 /* TestWorkApp */,
			);
		};
/* End PBXProject section */

/* Begin PBXResourcesBuildPhase section */
		5D9BAC0A25EC2FD0002B48A9 /* Resources */ = {
			isa = PBXResourcesBuildPhase;
			buildActionMask = 2147483647;
			files = (
				5D9BAC1C25EC2FD5002B48A9 /* LaunchScreen.storyboard in Resources */,
				5D9BAC1925EC2FD5002B48A9 /* Assets.xcassets in Resources */,
				5D9BAC1725EC2FD0002B48A9 /* Main.storyboard in Resources */,
			);
			runOnlyForDeploymentPostprocessing = 0;
		};
/* End PBXResourcesBuildPhase section */

/* Begin PBXShellScriptBuildPhase section */
		9CCAC88C652E929484ADF632 /* [CP] Embed Pods Frameworks */ = {
			isa = PBXShellScriptBuildPhase;
			buildActionMask = 2147483647;
			files = (
			);
			inputFileListPaths = (
				"${PODS_ROOT}/Target Support Files/Pods-TestWorkApp/Pods-TestWorkApp-frameworks-${CONFIGURATION}-input-files.xcfilelist",
			);
			name = "[CP] Embed Pods Frameworks";
			outputFileListPaths = (
				"${PODS_ROOT}/Target Support Files/Pods-TestWorkApp/Pods-TestWorkApp-frameworks-${CONFIGURATION}-output-files.xcfilelist",
			);
			runOnlyForDeploymentPostprocessing = 0;
			shellPath = /bin/sh;
			shellScript = "\"${PODS_ROOT}/Target Support Files/Pods-TestWorkApp/Pods-TestWorkApp-frameworks.sh\"\n";
			showEnvVarsInLog = 0;
		};
		A1854DBC41A4682089872967 /* [CP] Check Pods Manifest.lock */ = {
			isa = PBXShellScriptBuildPhase;
			buildActionMask = 2147483647;
			files = (
			);
			inputFileListPaths = (
			);
			inputPaths = (
				"${PODS_PODFILE_DIR_PATH}/Podfile.lock",
				"${PODS_ROOT}/Manifest.lock",
			);
			name = "[CP] Check Pods Manifest.lock";
			outputFileListPaths = (
			);
			outputPaths = (
				"$(DERIVED_FILE_DIR)/Pods-TestWorkApp-checkManifestLockResult.txt",
			);
			runOnlyForDeploymentPostprocessing = 0;
			shellPath = /bin/sh;
			shellScript = "diff \"${PODS_PODFILE_DIR_PATH}/Podfile.lock\" \"${PODS_ROOT}/Manifest.lock\" > /dev/null\nif [ $? != 0 ] ; then\n    # print error to STDERR\n    echo \"error: The sandbox is not in sync with the Podfile.lock. Run 'pod install' or update your CocoaPods installation.\" >&2\n    exit 1\nfi\n# This output is used by Xcode 'outputs' to avoid re-running this script phase.\necho \"SUCCESS\" > \"${SCRIPT_OUTPUT_FILE_0}\"\n";
			showEnvVarsInLog = 0;
		};
/* End PBXShellScriptBuildPhase section */

/* Begin PBXSourcesBuildPhase section */
		5D9BAC0825EC2FD0002B48A9 /* Sources */ = {
			isa = PBXSourcesBuildPhase;
			buildActionMask = 2147483647;
			files = (
				5D9BAC3025EC3229002B48A9 /* TableViewCell.swift in Sources */,
				5D9BAC1425EC2FD0002B48A9 /* ViewController.swift in Sources */,
				5D9BAC1025EC2FD0002B48A9 /* AppDelegate.swift in Sources */,
				5D9BAC1225EC2FD0002B48A9 /* SceneDelegate.swift in Sources */,
				5D9BAC3825EC43FC002B48A9 /* Weather.swift in Sources */,
				5D9BAC2D25EC320A002B48A9 /* TableViewController.swift in Sources */,
			);
			runOnlyForDeploymentPostprocessing = 0;
		};
/* End PBXSourcesBuildPhase section */

/* Begin PBXVariantGroup section */
		5D9BAC1525EC2FD0002B48A9 /* Main.storyboard */ = {
			isa = PBXVariantGroup;
			children = (
				5D9BAC1625EC2FD0002B48A9 /* Base */,
			);
			name = Main.storyboard;
			sourceTree = "<group>";
		};
		5D9BAC1A25EC2FD5002B48A9 /* LaunchScreen.storyboard */ = {
			isa = PBXVariantGroup;
			children = (
				5D9BAC1B25EC2FD5002B48A9 /* Base */,
			);
			name = LaunchScreen.storyboard;
			sourceTree = "<group>";
		};
/* End PBXVariantGroup section */

/* Begin XCBuildConfiguration section */
		5D9BAC1E25EC2FD5002B48A9 /* Debug */ = {
			isa = XCBuildConfiguration;
			buildSettings = {
				ALWAYS_SEARCH_USER_PATHS = NO;
				CLANG_ANALYZER_NONNULL = YES;
				CLANG_ANALYZER_NUMBER_OBJECT_CONVERSION = YES_AGGRESSIVE;
				CLANG_CXX_LANGUAGE_STANDARD = "gnu++14";
				CLANG_CXX_LIBRARY = "libc++";
				CLANG_ENABLE_MODULES = YES;
				CLANG_ENABLE_OBJC_ARC = YES;
				CLANG_ENABLE_OBJC_WEAK = YES;
				CLANG_WARN_BLOCK_CAPTURE_AUTORELEASING = YES;
				CLANG_WARN_BOOL_CONVERSION = YES;
				CLANG_WARN_COMMA = YES;
				CLANG_WARN_CONSTANT_CONVERSION = YES;
				CLANG_WARN_DEPRECATED_OBJC_IMPLEMENTATIONS = YES;
				CLANG_WARN_DIRECT_OBJC_ISA_USAGE = YES_ERROR;
				CLANG_WARN_DOCUMENTATION_COMMENTS = YES;
				CLANG_WARN_EMPTY_BODY = YES;
				CLANG_WARN_ENUM_CONVERSION = YES;
				CLANG_WARN_INFINITE_RECURSION = YES;
				CLANG_WARN_INT_CONVERSION = YES;
				CLANG_WARN_NON_LITERAL_NULL_CONVERSION = YES;
				CLANG_WARN_OBJC_IMPLICIT_RETAIN_SELF = YES;
				CLANG_WARN_OBJC_LITERAL_CONVERSION = YES;
				CLANG_WARN_OBJC_ROOT_CLASS = YES_ERROR;
				CLANG_WARN_QUOTED_INCLUDE_IN_FRAMEWORK_HEADER = YES;
				CLANG_WARN_RANGE_LOOP_ANALYSIS = YES;
				CLANG_WARN_STRICT_PROTOTYPES = YES;
				CLANG_WARN_SUSPICIOUS_MOVE = YES;
				CLANG_WARN_UNGUARDED_AVAILABILITY = YES_AGGRESSIVE;
				CLANG_WARN_UNREACHABLE_CODE = YES;
				CLANG_WARN__DUPLICATE_METHOD_MATCH = YES;
				COPY_PHASE_STRIP = NO;
				DEBUG_INFORMATION_FORMAT = dwarf;
				ENABLE_STRICT_OBJC_MSGSEND = YES;
				ENABLE_TESTABILITY = YES;
				GCC_C_LANGUAGE_STANDARD = gnu11;
				GCC_DYNAMIC_NO_PIC = NO;
				GCC_NO_COMMON_BLOCKS = YES;
				GCC_OPTIMIZATION_LEVEL = 0;
				GCC_PREPROCESSOR_DEFINITIONS = (
					"DEBUG=1",
					"$(inherited)",
				);
				GCC_WARN_64_TO_32_BIT_CONVERSION = YES;
				GCC_WARN_ABOUT_RETURN_TYPE = YES_ERROR;
				GCC_WARN_UNDECLARED_SELECTOR = YES;
				GCC_WARN_UNINITIALIZED_AUTOS = YES_AGGRESSIVE;
				GCC_WARN_UNUSED_FUNCTION = YES;
				GCC_WARN_UNUSED_VARIABLE = YES;
				IPHONEOS_DEPLOYMENT_TARGET = 14.4;
				MTL_ENABLE_DEBUG_INFO = INCLUDE_SOURCE;
				MTL_FAST_MATH = YES;
				ONLY_ACTIVE_ARCH = YES;
				SDKROOT = iphoneos;
				SWIFT_ACTIVE_COMPILATION_CONDITIONS = DEBUG;
				SWIFT_OPTIMIZATION_LEVEL = "-Onone";
			};
			name = Debug;
		};
		5D9BAC1F25EC2FD5002B48A9 /* Release */ = {
			isa = XCBuildConfiguration;
			buildSettings = {
				ALWAYS_SEARCH_USER_PATHS = NO;
				CLANG_ANALYZER_NONNULL = YES;
				CLANG_ANALYZER_NUMBER_OBJECT_CONVERSION = YES_AGGRESSIVE;
				CLANG_CXX_LANGUAGE_STANDARD = "gnu++14";
				CLANG_CXX_LIBRARY = "libc++";
				CLANG_ENABLE_MODULES = YES;
				CLANG_ENABLE_OBJC_ARC = YES;
				CLANG_ENABLE_OBJC_WEAK = YES;
				CLANG_WARN_BLOCK_CAPTURE_AUTORELEASING = YES;
				CLANG_WARN_BOOL_CONVERSION = YES;
				CLANG_WARN_COMMA = YES;
				CLANG_WARN_CONSTANT_CONVERSION = YES;
				CLANG_WARN_DEPRECATED_OBJC_IMPLEMENTATIONS = YES;
				CLANG_WARN_DIRECT_OBJC_ISA_USAGE = YES_ERROR;
				CLANG_WARN_DOCUMENTATION_COMMENTS = YES;
				CLANG_WARN_EMPTY_BODY = YES;
				CLANG_WARN_ENUM_CONVERSION = YES;
				CLANG_WARN_INFINITE_RECURSION = YES;
				CLANG_WARN_INT_CONVERSION = YES;
				CLANG_WARN_NON_LITERAL_NULL_CONVERSION = YES;
				CLANG_WARN_OBJC_IMPLICIT_RETAIN_SELF = YES;
				CLANG_WARN_OBJC_LITERAL_CONVERSION = YES;
				CLANG_WARN_OBJC_ROOT_CLASS = YES_ERROR;
				CLANG_WARN_QUOTED_INCLUDE_IN_FRAMEWORK_HEADER = YES;
				CLANG_WARN_RANGE_LOOP_ANALYSIS = YES;
				CLANG_WARN_STRICT_PROTOTYPES = YES;
				CLANG_WARN_SUSPICIOUS_MOVE = YES;
				CLANG_WARN_UNGUARDED_AVAILABILITY = YES_AGGRESSIVE;
				CLANG_WARN_UNREACHABLE_CODE = YES;
				CLANG_WARN__DUPLICATE_METHOD_MATCH = YES;
				COPY_PHASE_STRIP = NO;
				DEBUG_INFORMATION_FORMAT = "dwarf-with-dsym";
				ENABLE_NS_ASSERTIONS = NO;
				ENABLE_STRICT_OBJC_MSGSEND = YES;
				GCC_C_LANGUAGE_STANDARD = gnu11;
				GCC_NO_COMMON_BLOCKS = YES;
				GCC_WARN_64_TO_32_BIT_CONVERSION = YES;
				GCC_WARN_ABOUT_RETURN_TYPE = YES_ERROR;
				GCC_WARN_UNDECLARED_SELECTOR = YES;
				GCC_WARN_UNINITIALIZED_AUTOS = YES_AGGRESSIVE;
				GCC_WARN_UNUSED_FUNCTION = YES;
				GCC_WARN_UNUSED_VARIABLE = YES;
				IPHONEOS_DEPLOYMENT_TARGET = 14.4;
				MTL_ENABLE_DEBUG_INFO = NO;
				MTL_FAST_MATH = YES;
				SDKROOT = iphoneos;
				SWIFT_COMPILATION_MODE = wholemodule;
				SWIFT_OPTIMIZATION_LEVEL = "-O";
				VALIDATE_PRODUCT = YES;
			};
			name = Release;
		};
		5D9BAC2125EC2FD5002B48A9 /* Debug */ = {
			isa = XCBuildConfiguration;
			baseConfigurationReference = 921AF8B02871AF7C7E5C2371 /* Pods-TestWorkApp.debug.xcconfig */;
			buildSettings = {
				ASSETCATALOG_COMPILER_APPICON_NAME = AppIcon;
				ASSETCATALOG_COMPILER_GLOBAL_ACCENT_COLOR_NAME = AccentColor;
				CODE_SIGN_STYLE = Automatic;
				DEVELOPMENT_TEAM = 9ALHZD763A;
				INFOPLIST_FILE = TestWorkApp/Info.plist;
				LD_RUNPATH_SEARCH_PATHS = (
					"$(inherited)",
					"@executable_path/Frameworks",
				);
				PRODUCT_BUNDLE_IDENTIFIER = "Prokhorov-inc..TestWorkApp";
				PRODUCT_NAME = "$(TARGET_NAME)";
				SWIFT_VERSION = 5.0;
				TARGETED_DEVICE_FAMILY = "1,2";
			};
			name = Debug;
		};
		5D9BAC2225EC2FD5002B48A9 /* Release */ = {
			isa = XCBuildConfiguration;
			baseConfigurationReference = EF722FA73E9DA31AEF35797D /* Pods-TestWorkApp.release.xcconfig */;
			buildSettings = {
				ASSETCATALOG_COMPILER_APPICON_NAME = AppIcon;
				ASSETCATALOG_COMPILER_GLOBAL_ACCENT_COLOR_NAME = AccentColor;
				CODE_SIGN_STYLE = Automatic;
				DEVELOPMENT_TEAM = 9ALHZD763A;
				INFOPLIST_FILE = TestWorkApp/Info.plist;
				LD_RUNPATH_SEARCH_PATHS = (
					"$(inherited)",
					"@executable_path/Frameworks",
				);
				PRODUCT_BUNDLE_IDENTIFIER = "Prokhorov-inc..TestWorkApp";
				PRODUCT_NAME = "$(TARGET_NAME)";
				SWIFT_VERSION = 5.0;
				TARGETED_DEVICE_FAMILY = "1,2";
			};
			name = Release;
		};
/* End XCBuildConfiguration section */

/* Begin XCConfigurationList section */
		5D9BAC0725EC2FD0002B48A9 /* Build configuration list for PBXProject "TestWorkApp" */ = {
			isa = XCConfigurationList;
			buildConfigurations = (
				5D9BAC1E25EC2FD5002B48A9 /* Debug */,
				5D9BAC1F25EC2FD5002B48A9 /* Release */,
			);
			defaultConfigurationIsVisible = 0;
			defaultConfigurationName = Release;
		};
		5D9BAC2025EC2FD5002B48A9 /* Build configuration list for PBXNativeTarget "TestWorkApp" */ = {
			isa = XCConfigurationList;
			buildConfigurations = (
				5D9BAC2125EC2FD5002B48A9 /* Debug */,
				5D9BAC2225EC2FD5002B48A9 /* Release */,
			);
			defaultConfigurationIsVisible = 0;
			defaultConfigurationName = Release;
		};
/* End XCConfigurationList section */
	};
	rootObject = 5D9BAC0425EC2FD0002B48A9 /* Project object */;
}
